
Microsoft Visual Studio Solution File, Format Version 12.00
# Visual Studio Version 16
VisualStudioVersion = 16.0.29709.97
MinimumVisualStudioVersion = 10.0.40219.1
Project("{FAE04EC0-301F-11D3-BF4B-00C04F79EFBC}") = "ChatApplication", "ChatApplication\ChatApplication.csproj", "{0ACE9EBF-E63F-44ED-887F-86AFDB68395D}"
EndProject
Global
	GlobalSection(SolutionConfigurationPlatforms) = preSolution
		Debug|Any CPU = Debug|Any CPU
		Release|Any CPU = Release|Any CPU
	EndGlobalSection
	GlobalSection(ProjectConfigurationPlatforms) = postSolution
		{0ACE9EBF-E63F-44ED-887F-86AFDB68395D}.Debug|Any CPU.ActiveCfg = Debug|Any CPU
		{0ACE9EBF-E63F-44ED-887F-86AFDB68395D}.Debug|Any CPU.Build.0 = Debug|Any CPU
		{0ACE9EBF-E63F-44ED-887F-86AFDB68395D}.Release|Any CPU.ActiveCfg = Release|Any CPU
		{0ACE9EBF-E63F-44ED-887F-86AFDB68395D}.Release|Any CPU.Build.0 = Release|Any CPU
	EndGlobalSection
	GlobalSection(SolutionProperties) = preSolution
		HideSolutionNode = FALSE
	EndGlobalSection
	GlobalSection(ExtensibilityGlobals) = postSolution
		SolutionGuid = {02519871-0217-4FCB-9520-C34C8EF82C10}
	EndGlobalSection
EndGlobal
